{
  "version": 4,
  "terraform_version": "0.12.18",
  "serial": 4,
  "lineage": "16b57fca-b1ef-43c8-8d99-e4131d898582",
  "outputs": {
    "antlet": {
      "value": [
        {
          "antlet_num": 10,
          "autostart": false,
          "compression": "off",
          "cpu": 1,
          "description": "",
          "dname": "demo-0",
          "dtype": "KVM",
          "id": "demo-0",
          "ip": "10.10.1.10",
          "ram": 6144,
          "ram_display": "6 GiB",
          "state": "Stopped",
          "storage_display": "40 GiB",
          "template": "CentOS-7",
          "timeouts": null,
          "uuid": "bb3ba151-80f0-4eba-8582-16e96391675e",
          "zfs_quota": 0,
          "zpool": {
            "antsle:managed_origin": "-",
            "capacity": "6%",
            "compression": "off",
            "health": "ONLINE",
            "mounted": "true",
            "mountpoint": "/antlets",
            "name": "antlets",
            "size": "448G"
          },
          "zpool_name": "antlets"
        },
        {
          "antlet_num": 11,
          "autostart": false,
          "compression": "off",
          "cpu": 1,
          "description": "",
          "dname": "demo-1",
          "dtype": "KVM",
          "id": "demo-1",
          "ip": "10.10.1.11",
          "ram": 6144,
          "ram_display": "6 GiB",
          "state": "Stopped",
          "storage_display": "40 GiB",
          "template": "CentOS-7",
          "timeouts": null,
          "uuid": "026a1a38-7e2e-4874-a9c9-6c3a81fe7c7f",
          "zfs_quota": 0,
          "zpool": {
            "antsle:managed_origin": "-",
            "capacity": "6%",
            "compression": "off",
            "health": "ONLINE",
            "mounted": "true",
            "mountpoint": "/antlets",
            "name": "antlets",
            "size": "448G"
          },
          "zpool_name": "antlets"
        },
        {
          "antlet_num": 12,
          "autostart": false,
          "compression": "off",
          "cpu": 1,
          "description": "",
          "dname": "demo-2",
          "dtype": "KVM",
          "id": "demo-2",
          "ip": "10.10.1.12",
          "ram": 6144,
          "ram_display": "6 GiB",
          "state": "Stopped",
          "storage_display": "40 GiB",
          "template": "CentOS-7",
          "timeouts": null,
          "uuid": "1e944cbd-b475-4a9a-b2ca-3a5e559b1f87",
          "zfs_quota": 0,
          "zpool": {
            "antsle:managed_origin": "-",
            "capacity": "6%",
            "compression": "off",
            "health": "ONLINE",
            "mounted": "true",
            "mountpoint": "/antlets",
            "name": "antlets",
            "size": "448G"
          },
          "zpool_name": "antlets"
        }
      ],
      "type": [
        "tuple",
        [
          [
            "object",
            {
              "antlet_num": "number",
              "autostart": "bool",
              "compression": "string",
              "cpu": "number",
              "description": "string",
              "dname": "string",
              "dtype": "string",
              "id": "string",
              "ip": "string",
              "ram": "number",
              "ram_display": "string",
              "state": "string",
              "storage_display": "string",
              "template": "string",
              "timeouts": [
                "object",
                {
                  "default": "string"
                }
              ],
              "uuid": "string",
              "zfs_quota": "number",
              "zpool": [
                "map",
                "string"
              ],
              "zpool_name": "string"
            }
          ],
          [
            "object",
            {
              "antlet_num": "number",
              "autostart": "bool",
              "compression": "string",
              "cpu": "number",
              "description": "string",
              "dname": "string",
              "dtype": "string",
              "id": "string",
              "ip": "string",
              "ram": "number",
              "ram_display": "string",
              "state": "string",
              "storage_display": "string",
              "template": "string",
              "timeouts": [
                "object",
                {
                  "default": "string"
                }
              ],
              "uuid": "string",
              "zfs_quota": "number",
              "zpool": [
                "map",
                "string"
              ],
              "zpool_name": "string"
            }
          ],
          [
            "object",
            {
              "antlet_num": "number",
              "autostart": "bool",
              "compression": "string",
              "cpu": "number",
              "description": "string",
              "dname": "string",
              "dtype": "string",
              "id": "string",
              "ip": "string",
              "ram": "number",
              "ram_display": "string",
              "state": "string",
              "storage_display": "string",
              "template": "string",
              "timeouts": [
                "object",
                {
                  "default": "string"
                }
              ],
              "uuid": "string",
              "zfs_quota": "number",
              "zpool": [
                "map",
                "string"
              ],
              "zpool_name": "string"
            }
          ]
        ]
      ]
    }
  },
  "resources": [
    {
      "mode": "managed",
      "type": "antsle_antlets",
      "name": "antlet",
      "each": "list",
      "provider": "provider.antsle",
      "instances": [
        {
          "index_key": 0,
          "schema_version": 0,
          "attributes": {
            "antlet_num": 10,
            "autostart": false,
            "compression": "off",
            "cpu": 1,
            "description": "",
            "dname": "demo-0",
            "dtype": "KVM",
            "id": "demo-0",
            "ip": "10.10.1.10",
            "ram": 6144,
            "ram_display": "6 GiB",
            "state": "Stopped",
            "storage_display": "40 GiB",
            "template": "CentOS-7",
            "timeouts": null,
            "uuid": "bb3ba151-80f0-4eba-8582-16e96391675e",
            "zfs_quota": 0,
            "zpool": {
              "antsle:managed_origin": "-",
              "capacity": "6%",
              "compression": "off",
              "health": "ONLINE",
              "mounted": "true",
              "mountpoint": "/antlets",
              "name": "antlets",
              "size": "448G"
            },
            "zpool_name": "antlets"
          },
          "private": "eyJlMmJmYjczMC1lY2FhLTExZTYtOGY4OC0zNDM2M2JjN2M0YzAiOnsiY3JlYXRlIjo2MDAwMDAwMDAwMDAsImRlZmF1bHQiOjYwMDAwMDAwMDAwMCwiZGVsZXRlIjo2MDAwMDAwMDAwMDAsInJlYWQiOjYwMDAwMDAwMDAwMCwidXBkYXRlIjo2MDAwMDAwMDAwMDB9fQ=="
        },
        {
          "index_key": 1,
          "schema_version": 0,
          "attributes": {
            "antlet_num": 11,
            "autostart": false,
            "compression": "off",
            "cpu": 1,
            "description": "",
            "dname": "demo-1",
            "dtype": "KVM",
            "id": "demo-1",
            "ip": "10.10.1.11",
            "ram": 6144,
            "ram_display": "6 GiB",
            "state": "Stopped",
            "storage_display": "40 GiB",
            "template": "CentOS-7",
            "timeouts": null,
            "uuid": "026a1a38-7e2e-4874-a9c9-6c3a81fe7c7f",
            "zfs_quota": 0,
            "zpool": {
              "antsle:managed_origin": "-",
              "capacity": "6%",
              "compression": "off",
              "health": "ONLINE",
              "mounted": "true",
              "mountpoint": "/antlets",
              "name": "antlets",
              "size": "448G"
            },
            "zpool_name": "antlets"
          },
          "private": "eyJlMmJmYjczMC1lY2FhLTExZTYtOGY4OC0zNDM2M2JjN2M0YzAiOnsiY3JlYXRlIjo2MDAwMDAwMDAwMDAsImRlZmF1bHQiOjYwMDAwMDAwMDAwMCwiZGVsZXRlIjo2MDAwMDAwMDAwMDAsInJlYWQiOjYwMDAwMDAwMDAwMCwidXBkYXRlIjo2MDAwMDAwMDAwMDB9fQ=="
        },
        {
          "index_key": 2,
          "schema_version": 0,
          "attributes": {
            "antlet_num": 12,
            "autostart": false,
            "compression": "off",
            "cpu": 1,
            "description": "",
            "dname": "demo-2",
            "dtype": "KVM",
            "id": "demo-2",
            "ip": "10.10.1.12",
            "ram": 6144,
            "ram_display": "6 GiB",
            "state": "Stopped",
            "storage_display": "40 GiB",
            "template": "CentOS-7",
            "timeouts": null,
            "uuid": "1e944cbd-b475-4a9a-b2ca-3a5e559b1f87",
            "zfs_quota": 0,
            "zpool": {
              "antsle:managed_origin": "-",
              "capacity": "6%",
              "compression": "off",
              "health": "ONLINE",
              "mounted": "true",
              "mountpoint": "/antlets",
              "name": "antlets",
              "size": "448G"
            },
            "zpool_name": "antlets"
          },
          "private": "eyJlMmJmYjczMC1lY2FhLTExZTYtOGY4OC0zNDM2M2JjN2M0YzAiOnsiY3JlYXRlIjo2MDAwMDAwMDAwMDAsImRlZmF1bHQiOjYwMDAwMDAwMDAwMCwiZGVsZXRlIjo2MDAwMDAwMDAwMDAsInJlYWQiOjYwMDAwMDAwMDAwMCwidXBkYXRlIjo2MDAwMDAwMDAwMDB9fQ=="
        }
      ]
    }
  ]
}
